
Microsoft Visual Studio Solution File, Format Version 12.00
# Visual Studio Version 17
VisualStudioVersion = 17.1.32421.90
MinimumVisualStudioVersion = 10.0.40219.1
Project("{FAE04EC0-301F-11D3-BF4B-00C04F79EFBC}") = "User_Identity .netCore", "User_Identity .netCore\User_Identity .netCore.csproj", "{D94FC09B-768C-4A41-A96B-FED0DA574169}"
EndProject
Global
	GlobalSection(SolutionConfigurationPlatforms) = preSolution
		Debug|Any CPU = Debug|Any CPU
		Release|Any CPU = Release|Any CPU
	EndGlobalSection
	GlobalSection(ProjectConfigurationPlatforms) = postSolution
		{D94FC09B-768C-4A41-A96B-FED0DA574169}.Debug|Any CPU.ActiveCfg = Debug|Any CPU
		{D94FC09B-768C-4A41-A96B-FED0DA574169}.Debug|Any CPU.Build.0 = Debug|Any CPU
		{D94FC09B-768C-4A41-A96B-FED0DA574169}.Release|Any CPU.ActiveCfg = Release|Any CPU
		{D94FC09B-768C-4A41-A96B-FED0DA574169}.Release|Any CPU.Build.0 = Release|Any CPU
	EndGlobalSection
	GlobalSection(SolutionProperties) = preSolution
		HideSolutionNode = FALSE
	EndGlobalSection
	GlobalSection(ExtensibilityGlobals) = postSolution
		SolutionGuid = {6259570D-B219-4112-93F9-6A1F9ABDFA27}
	EndGlobalSection
EndGlobal
